
Microsoft Visual Studio Solution File, Format Version 12.00
# Visual Studio Version 16
VisualStudioVersion = 16.0.29519.181
MinimumVisualStudioVersion = 10.0.40219.1
Project("{FAE04EC0-301F-11D3-BF4B-00C04F79EFBC}") = "ZTP", "ZTP\ZTP.csproj", "{EF9AA5E9-ED25-4497-9793-AE6C68A01907}"
EndProject
Global
	GlobalSection(SolutionConfigurationPlatforms) = preSolution
		Debug|Any CPU = Debug|Any CPU
		Release|Any CPU = Release|Any CPU
	EndGlobalSection
	GlobalSection(ProjectConfigurationPlatforms) = postSolution
		{EF9AA5E9-ED25-4497-9793-AE6C68A01907}.Debug|Any CPU.ActiveCfg = Debug|Any CPU
		{EF9AA5E9-ED25-4497-9793-AE6C68A01907}.Debug|Any CPU.Build.0 = Debug|Any CPU
		{EF9AA5E9-ED25-4497-9793-AE6C68A01907}.Release|Any CPU.ActiveCfg = Release|Any CPU
		{EF9AA5E9-ED25-4497-9793-AE6C68A01907}.Release|Any CPU.Build.0 = Release|Any CPU
	EndGlobalSection
	GlobalSection(SolutionProperties) = preSolution
		HideSolutionNode = FALSE
	EndGlobalSection
	GlobalSection(ExtensibilityGlobals) = postSolution
		SolutionGuid = {1952FD52-21A3-473A-947E-BAA7AAA7955C}
	EndGlobalSection
EndGlobal
